
Microsoft Visual Studio Solution File, Format Version 12.00
# Visual Studio Version 17
VisualStudioVersion = 17.9.34622.214
MinimumVisualStudioVersion = 10.0.40219.1
Project("{9A19103F-16F7-4668-BE54-9A1E7A4F7556}") = "Parking", "Parking\Parking.csproj", "{95CE3879-2389-4E24-9D90-EAEC3FA48012}"
EndProject
Project("{9A19103F-16F7-4668-BE54-9A1E7A4F7556}") = "Parking.Api", "Parking.Api\Parking.Api.csproj", "{A3968207-37A0-4F8F-9F3F-C127A13777D5}"
EndProject
Project("{9A19103F-16F7-4668-BE54-9A1E7A4F7556}") = "Parking.Web", "Parking.Web\Parking.Web.csproj", "{4737FED8-49CC-4752-9BA4-A490914E3F2E}"
EndProject
Project("{9A19103F-16F7-4668-BE54-9A1E7A4F7556}") = "Parking.Services", "Parking.Services\Parking.Services.csproj", "{86A669A0-E7A0-48F6-89D9-410EA8C779E7}"
EndProject
Project("{FAE04EC0-301F-11D3-BF4B-00C04F79EFBC}") = "Parking.Interface", "Parking.Interface\Parking.Interface.csproj", "{F34F013A-0429-40C6-8701-09AF8B2324E0}"
EndProject
Project("{FAE04EC0-301F-11D3-BF4B-00C04F79EFBC}") = "Parking.Test", "Parking.Test\Parking.Test.csproj", "{8C6DB90E-5C26-4BAC-B684-B73B1D456CAE}"
EndProject
Project("{FAE04EC0-301F-11D3-BF4B-00C04F79EFBC}") = "Parking.Test2", "Parking.Test2\Parking.Test2.csproj", "{5C00974E-F773-424A-9098-AB49C1756C84}"
EndProject
Global
	GlobalSection(SolutionConfigurationPlatforms) = preSolution
		Debug|Any CPU = Debug|Any CPU
		Release|Any CPU = Release|Any CPU
	EndGlobalSection
	GlobalSection(ProjectConfigurationPlatforms) = postSolution
		{95CE3879-2389-4E24-9D90-EAEC3FA48012}.Debug|Any CPU.ActiveCfg = Debug|Any CPU
		{95CE3879-2389-4E24-9D90-EAEC3FA48012}.Debug|Any CPU.Build.0 = Debug|Any CPU
		{95CE3879-2389-4E24-9D90-EAEC3FA48012}.Release|Any CPU.ActiveCfg = Release|Any CPU
		{95CE3879-2389-4E24-9D90-EAEC3FA48012}.Release|Any CPU.Build.0 = Release|Any CPU
		{A3968207-37A0-4F8F-9F3F-C127A13777D5}.Debug|Any CPU.ActiveCfg = Debug|Any CPU
		{A3968207-37A0-4F8F-9F3F-C127A13777D5}.Debug|Any CPU.Build.0 = Debug|Any CPU
		{A3968207-37A0-4F8F-9F3F-C127A13777D5}.Release|Any CPU.ActiveCfg = Release|Any CPU
		{A3968207-37A0-4F8F-9F3F-C127A13777D5}.Release|Any CPU.Build.0 = Release|Any CPU
		{4737FED8-49CC-4752-9BA4-A490914E3F2E}.Debug|Any CPU.ActiveCfg = Debug|Any CPU
		{4737FED8-49CC-4752-9BA4-A490914E3F2E}.Debug|Any CPU.Build.0 = Debug|Any CPU
		{4737FED8-49CC-4752-9BA4-A490914E3F2E}.Release|Any CPU.ActiveCfg = Release|Any CPU
		{4737FED8-49CC-4752-9BA4-A490914E3F2E}.Release|Any CPU.Build.0 = Release|Any CPU
		{86A669A0-E7A0-48F6-89D9-410EA8C779E7}.Debug|Any CPU.ActiveCfg = Debug|Any CPU
		{86A669A0-E7A0-48F6-89D9-410EA8C779E7}.Debug|Any CPU.Build.0 = Debug|Any CPU
		{86A669A0-E7A0-48F6-89D9-410EA8C779E7}.Release|Any CPU.ActiveCfg = Release|Any CPU
		{86A669A0-E7A0-48F6-89D9-410EA8C779E7}.Release|Any CPU.Build.0 = Release|Any CPU
		{F34F013A-0429-40C6-8701-09AF8B2324E0}.Debug|Any CPU.ActiveCfg = Debug|Any CPU
		{F34F013A-0429-40C6-8701-09AF8B2324E0}.Debug|Any CPU.Build.0 = Debug|Any CPU
		{F34F013A-0429-40C6-8701-09AF8B2324E0}.Release|Any CPU.ActiveCfg = Release|Any CPU
		{F34F013A-0429-40C6-8701-09AF8B2324E0}.Release|Any CPU.Build.0 = Release|Any CPU
		{8C6DB90E-5C26-4BAC-B684-B73B1D456CAE}.Debug|Any CPU.ActiveCfg = Debug|Any CPU
		{8C6DB90E-5C26-4BAC-B684-B73B1D456CAE}.Debug|Any CPU.Build.0 = Debug|Any CPU
		{8C6DB90E-5C26-4BAC-B684-B73B1D456CAE}.Release|Any CPU.ActiveCfg = Release|Any CPU
		{8C6DB90E-5C26-4BAC-B684-B73B1D456CAE}.Release|Any CPU.Build.0 = Release|Any CPU
		{5C00974E-F773-424A-9098-AB49C1756C84}.Debug|Any CPU.ActiveCfg = Debug|Any CPU
		{5C00974E-F773-424A-9098-AB49C1756C84}.Debug|Any CPU.Build.0 = Debug|Any CPU
		{5C00974E-F773-424A-9098-AB49C1756C84}.Release|Any CPU.ActiveCfg = Release|Any CPU
		{5C00974E-F773-424A-9098-AB49C1756C84}.Release|Any CPU.Build.0 = Release|Any CPU
	EndGlobalSection
	GlobalSection(SolutionProperties) = preSolution
		HideSolutionNode = FALSE
	EndGlobalSection
	GlobalSection(ExtensibilityGlobals) = postSolution
		SolutionGuid = {A05AD499-6075-4118-A0F8-C1CE67104E89}
	EndGlobalSection
EndGlobal
