
Microsoft Visual Studio Solution File, Format Version 12.00
# Visual Studio Version 17
VisualStudioVersion = 17.9.34622.214
MinimumVisualStudioVersion = 10.0.40219.1
Project("{FAE04EC0-301F-11D3-BF4B-00C04F79EFBC}") = "Parking", "Parking\Parking.csproj", "{95CE3879-2389-4E24-9D90-EAEC3FA48012}"
EndProject
Global
	GlobalSection(SolutionConfigurationPlatforms) = preSolution
		Debug|Any CPU = Debug|Any CPU
		Release|Any CPU = Release|Any CPU
	EndGlobalSection
	GlobalSection(ProjectConfigurationPlatforms) = postSolution
		{95CE3879-2389-4E24-9D90-EAEC3FA48012}.Debug|Any CPU.ActiveCfg = Debug|Any CPU
		{95CE3879-2389-4E24-9D90-EAEC3FA48012}.Debug|Any CPU.Build.0 = Debug|Any CPU
		{95CE3879-2389-4E24-9D90-EAEC3FA48012}.Release|Any CPU.ActiveCfg = Release|Any CPU
		{95CE3879-2389-4E24-9D90-EAEC3FA48012}.Release|Any CPU.Build.0 = Release|Any CPU
	EndGlobalSection
	GlobalSection(SolutionProperties) = preSolution
		HideSolutionNode = FALSE
	EndGlobalSection
	GlobalSection(ExtensibilityGlobals) = postSolution
		SolutionGuid = {A05AD499-6075-4118-A0F8-C1CE67104E89}
	EndGlobalSection
EndGlobal
